
Microsoft Visual Studio Solution File, Format Version 12.00
# Visual Studio Version 16
VisualStudioVersion = 16.0.30907.101
MinimumVisualStudioVersion = 10.0.40219.1
Project("{FAE04EC0-301F-11D3-BF4B-00C04F79EFBC}") = "Emily_Braman_Week4_Homework_7", "Emily_Braman_Week4_Homework_7\Emily_Braman_Week4_Homework_7.csproj", "{A54D4375-25CE-4956-ADDF-CC3195D1EBD2}"
EndProject
Global
	GlobalSection(SolutionConfigurationPlatforms) = preSolution
		Debug|Any CPU = Debug|Any CPU
		Release|Any CPU = Release|Any CPU
	EndGlobalSection
	GlobalSection(ProjectConfigurationPlatforms) = postSolution
		{A54D4375-25CE-4956-ADDF-CC3195D1EBD2}.Debug|Any CPU.ActiveCfg = Debug|Any CPU
		{A54D4375-25CE-4956-ADDF-CC3195D1EBD2}.Debug|Any CPU.Build.0 = Debug|Any CPU
		{A54D4375-25CE-4956-ADDF-CC3195D1EBD2}.Release|Any CPU.ActiveCfg = Release|Any CPU
		{A54D4375-25CE-4956-ADDF-CC3195D1EBD2}.Release|Any CPU.Build.0 = Release|Any CPU
	EndGlobalSection
	GlobalSection(SolutionProperties) = preSolution
		HideSolutionNode = FALSE
	EndGlobalSection
	GlobalSection(ExtensibilityGlobals) = postSolution
		SolutionGuid = {87F735FE-875D-4F6F-86B4-6CD4B978C28E}
	EndGlobalSection
EndGlobal
